// !$*UTF8*$!
{
	archiveVersion = 1;
	classes = {
	};
	objectVersion = 56;
	objects = {

/* Begin PBXBuildFile section */
		4B44DA0E2C1D5FBD008DFDAD /* Password_ManagerApp.swift in Sources */ = {isa = PBXBuildFile; fileRef = 4B44DA0D2C1D5FBD008DFDAD /* Password_ManagerApp.swift */; };
		4B44DA102C1D5FBD008DFDAD /* ContentView.swift in Sources */ = {isa = PBXBuildFile; fileRef = 4B44DA0F2C1D5FBD008DFDAD /* ContentView.swift */; };
		4B44DA122C1D5FBF008DFDAD /* Assets.xcassets in Resources */ = {isa = PBXBuildFile; fileRef = 4B44DA112C1D5FBF008DFDAD /* Assets.xcassets */; };
		4B44DA152C1D5FBF008DFDAD /* Preview Assets.xcassets in Resources */ = {isa = PBXBuildFile; fileRef = 4B44DA142C1D5FBF008DFDAD /* Preview Assets.xcassets */; };
		4B44DA1F2C1D601E008DFDAD /* PasswordView.swift in Sources */ = {isa = PBXBuildFile; fileRef = 4B44DA1E2C1D601E008DFDAD /* PasswordView.swift */; };
		4B44DA212C1D60FD008DFDAD /* Extension.swift in Sources */ = {isa = PBXBuildFile; fileRef = 4B44DA202C1D60FD008DFDAD /* Extension.swift */; };
		4B44DA242C1D635D008DFDAD /* SinglePasswordView.swift in Sources */ = {isa = PBXBuildFile; fileRef = 4B44DA232C1D635D008DFDAD /* SinglePasswordView.swift */; };
		4B44DA262C1D6782008DFDAD /* BottomSheet.swift in Sources */ = {isa = PBXBuildFile; fileRef = 4B44DA252C1D6782008DFDAD /* BottomSheet.swift */; };
		4B44DA282C1D6974008DFDAD /* ViewModifiers.swift in Sources */ = {isa = PBXBuildFile; fileRef = 4B44DA272C1D6974008DFDAD /* ViewModifiers.swift */; };
		4B44DA2A2C1D7449008DFDAD /* PasswordViewModel.swift in Sources */ = {isa = PBXBuildFile; fileRef = 4B44DA292C1D7449008DFDAD /* PasswordViewModel.swift */; };
		4B44DA2D2C1D7C46008DFDAD /* PasswordContainer.xcdatamodeld in Sources */ = {isa = PBXBuildFile; fileRef = 4B44DA2B2C1D7C46008DFDAD /* PasswordContainer.xcdatamodeld */; };
		4B44DA2F2C1D862C008DFDAD /* PasswordEncryption.swift in Sources */ = {isa = PBXBuildFile; fileRef = 4B44DA2E2C1D862C008DFDAD /* PasswordEncryption.swift */; };
/* End PBXBuildFile section */

/* Begin PBXFileReference section */
		4B44DA0A2C1D5FBD008DFDAD /* Password Manager.app */ = {isa = PBXFileReference; explicitFileType = wrapper.application; includeInIndex = 0; path = "Password Manager.app"; sourceTree = BUILT_PRODUCTS_DIR; };
		4B44DA0D2C1D5FBD008DFDAD /* Password_ManagerApp.swift */ = {isa = PBXFileReference; lastKnownFileType = sourcecode.swift; path = Password_ManagerApp.swift; sourceTree = "<group>"; };
		4B44DA0F2C1D5FBD008DFDAD /* ContentView.swift */ = {isa = PBXFileReference; lastKnownFileType = sourcecode.swift; path = ContentView.swift; sourceTree = "<group>"; };
		4B44DA112C1D5FBF008DFDAD /* Assets.xcassets */ = {isa = PBXFileReference; lastKnownFileType = folder.assetcatalog; path = Assets.xcassets; sourceTree = "<group>"; };
		4B44DA142C1D5FBF008DFDAD /* Preview Assets.xcassets */ = {isa = PBXFileReference; lastKnownFileType = folder.assetcatalog; path = "Preview Assets.xcassets"; sourceTree = "<group>"; };
		4B44DA1E2C1D601E008DFDAD /* PasswordView.swift */ = {isa = PBXFileReference; lastKnownFileType = sourcecode.swift; path = PasswordView.swift; sourceTree = "<group>"; };
		4B44DA202C1D60FD008DFDAD /* Extension.swift */ = {isa = PBXFileReference; lastKnownFileType = sourcecode.swift; path = Extension.swift; sourceTree = "<group>"; };
		4B44DA232C1D635D008DFDAD /* SinglePasswordView.swift */ = {isa = PBXFileReference; lastKnownFileType = sourcecode.swift; path = SinglePasswordView.swift; sourceTree = "<group>"; };
		4B44DA252C1D6782008DFDAD /* BottomSheet.swift */ = {isa = PBXFileReference; lastKnownFileType = sourcecode.swift; path = BottomSheet.swift; sourceTree = "<group>"; };
		4B44DA272C1D6974008DFDAD /* ViewModifiers.swift */ = {isa = PBXFileReference; lastKnownFileType = sourcecode.swift; path = ViewModifiers.swift; sourceTree = "<group>"; };
		4B44DA292C1D7449008DFDAD /* PasswordViewModel.swift */ = {isa = PBXFileReference; lastKnownFileType = sourcecode.swift; path = PasswordViewModel.swift; sourceTree = "<group>"; };
		4B44DA2C2C1D7C46008DFDAD /* PasswordContainer.xcdatamodel */ = {isa = PBXFileReference; lastKnownFileType = wrapper.xcdatamodel; path = PasswordContainer.xcdatamodel; sourceTree = "<group>"; };
		4B44DA2E2C1D862C008DFDAD /* PasswordEncryption.swift */ = {isa = PBXFileReference; lastKnownFileType = sourcecode.swift; path = PasswordEncryption.swift; sourceTree = "<group>"; };
/* End PBXFileReference section */

/* Begin PBXFrameworksBuildPhase section */
		4B44DA072C1D5FBD008DFDAD /* Frameworks */ = {
			isa = PBXFrameworksBuildPhase;
			buildActionMask = 2147483647;
			files = (
			);
			runOnlyForDeploymentPostprocessing = 0;
		};
/* End PBXFrameworksBuildPhase section */

/* Begin PBXGroup section */
		4B44DA012C1D5FBD008DFDAD = {
			isa = PBXGroup;
			children = (
				4B44DA0C2C1D5FBD008DFDAD /* Password Manager */,
				4B44DA0B2C1D5FBD008DFDAD /* Products */,
			);
			sourceTree = "<group>";
		};
		4B44DA0B2C1D5FBD008DFDAD /* Products */ = {
			isa = PBXGroup;
			children = (
				4B44DA0A2C1D5FBD008DFDAD /* Password Manager.app */,
			);
			name = Products;
			sourceTree = "<group>";
		};
		4B44DA0C2C1D5FBD008DFDAD /* Password Manager */ = {
			isa = PBXGroup;
			children = (
				4B44DA222C1D630D008DFDAD /* Utility */,
				4B44DA1B2C1D5FCB008DFDAD /* Modules */,
				4B44DA0D2C1D5FBD008DFDAD /* Password_ManagerApp.swift */,
				4B44DA0F2C1D5FBD008DFDAD /* ContentView.swift */,
				4B44DA112C1D5FBF008DFDAD /* Assets.xcassets */,
				4B44DA132C1D5FBF008DFDAD /* Preview Content */,
				4B44DA202C1D60FD008DFDAD /* Extension.swift */,
				4B44DA2B2C1D7C46008DFDAD /* PasswordContainer.xcdatamodeld */,
			);
			path = "Password Manager";
			sourceTree = "<group>";
		};
		4B44DA132C1D5FBF008DFDAD /* Preview Content */ = {
			isa = PBXGroup;
			children = (
				4B44DA142C1D5FBF008DFDAD /* Preview Assets.xcassets */,
			);
			path = "Preview Content";
			sourceTree = "<group>";
		};
		4B44DA1B2C1D5FCB008DFDAD /* Modules */ = {
			isa = PBXGroup;
			children = (
				4B44DA1E2C1D601E008DFDAD /* PasswordView.swift */,
				4B44DA292C1D7449008DFDAD /* PasswordViewModel.swift */,
			);
			path = Modules;
			sourceTree = "<group>";
		};
		4B44DA222C1D630D008DFDAD /* Utility */ = {
			isa = PBXGroup;
			children = (
				4B44DA232C1D635D008DFDAD /* SinglePasswordView.swift */,
				4B44DA252C1D6782008DFDAD /* BottomSheet.swift */,
				4B44DA272C1D6974008DFDAD /* ViewModifiers.swift */,
				4B44DA2E2C1D862C008DFDAD /* PasswordEncryption.swift */,
			);
			path = Utility;
			sourceTree = "<group>";
		};
/* End PBXGroup section */

/* Begin PBXNativeTarget section */
		4B44DA092C1D5FBD008DFDAD /* Password Manager */ = {
			isa = PBXNativeTarget;
			buildConfigurationList = 4B44DA182C1D5FBF008DFDAD /* Build configuration list for PBXNativeTarget "Password Manager" */;
			buildPhases = (
				4B44DA062C1D5FBD008DFDAD /* Sources */,
				4B44DA072C1D5FBD008DFDAD /* Frameworks */,
				4B44DA082C1D5FBD008DFDAD /* Resources */,
			);
			buildRules = (
			);
			dependencies = (
			);
			name = "Password Manager";
			packageProductDependencies = (
			);
			productName = "Password Manager";
			productReference = 4B44DA0A2C1D5FBD008DFDAD /* Password Manager.app */;
			productType = "com.apple.product-type.application";
		};
/* End PBXNativeTarget section */

/* Begin PBXProject section */
		4B44DA022C1D5FBD008DFDAD /* Project object */ = {
			isa = PBXProject;
			attributes = {
				BuildIndependentTargetsInParallel = 1;
				LastSwiftUpdateCheck = 1530;
				LastUpgradeCheck = 1530;
				TargetAttributes = {
					4B44DA092C1D5FBD008DFDAD = {
						CreatedOnToolsVersion = 15.3;
					};
				};
			};
			buildConfigurationList = 4B44DA052C1D5FBD008DFDAD /* Build configuration list for PBXProject "Password Manager" */;
			compatibilityVersion = "Xcode 14.0";
			developmentRegion = en;
			hasScannedForEncodings = 0;
			knownRegions = (
				en,
				Base,
			);
			mainGroup = 4B44DA012C1D5FBD008DFDAD;
			packageReferences = (
			);
			productRefGroup = 4B44DA0B2C1D5FBD008DFDAD /* Products */;
			projectDirPath = "";
			projectRoot = "";
			targets = (
				4B44DA092C1D5FBD008DFDAD /* Password Manager */,
			);
		};
/* End PBXProject section */

/* Begin PBXResourcesBuildPhase section */
		4B44DA082C1D5FBD008DFDAD /* Resources */ = {
			isa = PBXResourcesBuildPhase;
			buildActionMask = 2147483647;
			files = (
				4B44DA152C1D5FBF008DFDAD /* Preview Assets.xcassets in Resources */,
				4B44DA122C1D5FBF008DFDAD /* Assets.xcassets in Resources */,
			);
			runOnlyForDeploymentPostprocessing = 0;
		};
/* End PBXResourcesBuildPhase section */

/* Begin PBXSourcesBuildPhase section */
		4B44DA062C1D5FBD008DFDAD /* Sources */ = {
			isa = PBXSourcesBuildPhase;
			buildActionMask = 2147483647;
			files = (
				4B44DA102C1D5FBD008DFDAD /* ContentView.swift in Sources */,
				4B44DA2A2C1D7449008DFDAD /* PasswordViewModel.swift in Sources */,
				4B44DA282C1D6974008DFDAD /* ViewModifiers.swift in Sources */,
				4B44DA1F2C1D601E008DFDAD /* PasswordView.swift in Sources */,
				4B44DA0E2C1D5FBD008DFDAD /* Password_ManagerApp.swift in Sources */,
				4B44DA2F2C1D862C008DFDAD /* PasswordEncryption.swift in Sources */,
				4B44DA242C1D635D008DFDAD /* SinglePasswordView.swift in Sources */,
				4B44DA262C1D6782008DFDAD /* BottomSheet.swift in Sources */,
				4B44DA212C1D60FD008DFDAD /* Extension.swift in Sources */,
				4B44DA2D2C1D7C46008DFDAD /* PasswordContainer.xcdatamodeld in Sources */,
			);
			runOnlyForDeploymentPostprocessing = 0;
		};
/* End PBXSourcesBuildPhase section */

/* Begin XCBuildConfiguration section */
		4B44DA162C1D5FBF008DFDAD /* Debug */ = {
			isa = XCBuildConfiguration;
			buildSettings = {
				ALWAYS_SEARCH_USER_PATHS = NO;
				ASSETCATALOG_COMPILER_GENERATE_SWIFT_ASSET_SYMBOL_EXTENSIONS = YES;
				CLANG_ANALYZER_NONNULL = YES;
				CLANG_ANALYZER_NUMBER_OBJECT_CONVERSION = YES_AGGRESSIVE;
				CLANG_CXX_LANGUAGE_STANDARD = "gnu++20";
				CLANG_ENABLE_MODULES = YES;
				CLANG_ENABLE_OBJC_ARC = YES;
				CLANG_ENABLE_OBJC_WEAK = YES;
				CLANG_WARN_BLOCK_CAPTURE_AUTORELEASING = YES;
				CLANG_WARN_BOOL_CONVERSION = YES;
				CLANG_WARN_COMMA = YES;
				CLANG_WARN_CONSTANT_CONVERSION = YES;
				CLANG_WARN_DEPRECATED_OBJC_IMPLEMENTATIONS = YES;
				CLANG_WARN_DIRECT_OBJC_ISA_USAGE = YES_ERROR;
				CLANG_WARN_DOCUMENTATION_COMMENTS = YES;
				CLANG_WARN_EMPTY_BODY = YES;
				CLANG_WARN_ENUM_CONVERSION = YES;
				CLANG_WARN_INFINITE_RECURSION = YES;
				CLANG_WARN_INT_CONVERSION = YES;
				CLANG_WARN_NON_LITERAL_NULL_CONVERSION = YES;
				CLANG_WARN_OBJC_IMPLICIT_RETAIN_SELF = YES;
				CLANG_WARN_OBJC_LITERAL_CONVERSION = YES;
				CLANG_WARN_OBJC_ROOT_CLASS = YES_ERROR;
				CLANG_WARN_QUOTED_INCLUDE_IN_FRAMEWORK_HEADER = YES;
				CLANG_WARN_RANGE_LOOP_ANALYSIS = YES;
				CLANG_WARN_STRICT_PROTOTYPES = YES;
				CLANG_WARN_SUSPICIOUS_MOVE = YES;
				CLANG_WARN_UNGUARDED_AVAILABILITY = YES_AGGRESSIVE;
				CLANG_WARN_UNREACHABLE_CODE = YES;
				CLANG_WARN__DUPLICATE_METHOD_MATCH = YES;
				COPY_PHASE_STRIP = NO;
				DEBUG_INFORMATION_FORMAT = dwarf;
				ENABLE_STRICT_OBJC_MSGSEND = YES;
				ENABLE_TESTABILITY = YES;
				ENABLE_USER_SCRIPT_SANDBOXING = YES;
				GCC_C_LANGUAGE_STANDARD = gnu17;
				GCC_DYNAMIC_NO_PIC = NO;
				GCC_NO_COMMON_BLOCKS = YES;
				GCC_OPTIMIZATION_LEVEL = 0;
				GCC_PREPROCESSOR_DEFINITIONS = (
					"DEBUG=1",
					"$(inherited)",
				);
				GCC_WARN_64_TO_32_BIT_CONVERSION = YES;
				GCC_WARN_ABOUT_RETURN_TYPE = YES_ERROR;
				GCC_WARN_UNDECLARED_SELECTOR = YES;
				GCC_WARN_UNINITIALIZED_AUTOS = YES_AGGRESSIVE;
				GCC_WARN_UNUSED_FUNCTION = YES;
				GCC_WARN_UNUSED_VARIABLE = YES;
				IPHONEOS_DEPLOYMENT_TARGET = 17.4;
				LOCALIZATION_PREFERS_STRING_CATALOGS = YES;
				MTL_ENABLE_DEBUG_INFO = INCLUDE_SOURCE;
				MTL_FAST_MATH = YES;
				ONLY_ACTIVE_ARCH = YES;
				SDKROOT = iphoneos;
				SWIFT_ACTIVE_COMPILATION_CONDITIONS = "DEBUG $(inherited)";
				SWIFT_OPTIMIZATION_LEVEL = "-Onone";
			};
			name = Debug;
		};
		4B44DA172C1D5FBF008DFDAD /* Release */ = {
			isa = XCBuildConfiguration;
			buildSettings = {
				ALWAYS_SEARCH_USER_PATHS = NO;
				ASSETCATALOG_COMPILER_GENERATE_SWIFT_ASSET_SYMBOL_EXTENSIONS = YES;
				CLANG_ANALYZER_NONNULL = YES;
				CLANG_ANALYZER_NUMBER_OBJECT_CONVERSION = YES_AGGRESSIVE;
				CLANG_CXX_LANGUAGE_STANDARD = "gnu++20";
				CLANG_ENABLE_MODULES = YES;
				CLANG_ENABLE_OBJC_ARC = YES;
				CLANG_ENABLE_OBJC_WEAK = YES;
				CLANG_WARN_BLOCK_CAPTURE_AUTORELEASING = YES;
				CLANG_WARN_BOOL_CONVERSION = YES;
				CLANG_WARN_COMMA = YES;
				CLANG_WARN_CONSTANT_CONVERSION = YES;
				CLANG_WARN_DEPRECATED_OBJC_IMPLEMENTATIONS = YES;
				CLANG_WARN_DIRECT_OBJC_ISA_USAGE = YES_ERROR;
				CLANG_WARN_DOCUMENTATION_COMMENTS = YES;
				CLANG_WARN_EMPTY_BODY = YES;
				CLANG_WARN_ENUM_CONVERSION = YES;
				CLANG_WARN_INFINITE_RECURSION = YES;
				CLANG_WARN_INT_CONVERSION = YES;
				CLANG_WARN_NON_LITERAL_NULL_CONVERSION = YES;
				CLANG_WARN_OBJC_IMPLICIT_RETAIN_SELF = YES;
				CLANG_WARN_OBJC_LITERAL_CONVERSION = YES;
				CLANG_WARN_OBJC_ROOT_CLASS = YES_ERROR;
				CLANG_WARN_QUOTED_INCLUDE_IN_FRAMEWORK_HEADER = YES;
				CLANG_WARN_RANGE_LOOP_ANALYSIS = YES;
				CLANG_WARN_STRICT_PROTOTYPES = YES;
				CLANG_WARN_SUSPICIOUS_MOVE = YES;
				CLANG_WARN_UNGUARDED_AVAILABILITY = YES_AGGRESSIVE;
				CLANG_WARN_UNREACHABLE_CODE = YES;
				CLANG_WARN__DUPLICATE_METHOD_MATCH = YES;
				COPY_PHASE_STRIP = NO;
				DEBUG_INFORMATION_FORMAT = "dwarf-with-dsym";
				ENABLE_NS_ASSERTIONS = NO;
				ENABLE_STRICT_OBJC_MSGSEND = YES;
				ENABLE_USER_SCRIPT_SANDBOXING = YES;
				GCC_C_LANGUAGE_STANDARD = gnu17;
				GCC_NO_COMMON_BLOCKS = YES;
				GCC_WARN_64_TO_32_BIT_CONVERSION = YES;
				GCC_WARN_ABOUT_RETURN_TYPE = YES_ERROR;
				GCC_WARN_UNDECLARED_SELECTOR = YES;
				GCC_WARN_UNINITIALIZED_AUTOS = YES_AGGRESSIVE;
				GCC_WARN_UNUSED_FUNCTION = YES;
				GCC_WARN_UNUSED_VARIABLE = YES;
				IPHONEOS_DEPLOYMENT_TARGET = 17.4;
				LOCALIZATION_PREFERS_STRING_CATALOGS = YES;
				MTL_ENABLE_DEBUG_INFO = NO;
				MTL_FAST_MATH = YES;
				SDKROOT = iphoneos;
				SWIFT_COMPILATION_MODE = wholemodule;
				VALIDATE_PRODUCT = YES;
			};
			name = Release;
		};
		4B44DA192C1D5FBF008DFDAD /* Debug */ = {
			isa = XCBuildConfiguration;
			buildSettings = {
				ASSETCATALOG_COMPILER_APPICON_NAME = AppIcon;
				ASSETCATALOG_COMPILER_GLOBAL_ACCENT_COLOR_NAME = AccentColor;
				CODE_SIGN_STYLE = Automatic;
				CURRENT_PROJECT_VERSION = 1;
				DEVELOPMENT_ASSET_PATHS = "\"Password Manager/Preview Content\"";
				DEVELOPMENT_TEAM = 8K5Z5UAV3V;
				ENABLE_PREVIEWS = YES;
				GENERATE_INFOPLIST_FILE = YES;
				INFOPLIST_KEY_UIApplicationSceneManifest_Generation = YES;
				INFOPLIST_KEY_UIApplicationSupportsIndirectInputEvents = YES;
				INFOPLIST_KEY_UILaunchScreen_Generation = YES;
				INFOPLIST_KEY_UISupportedInterfaceOrientations_iPad = "UIInterfaceOrientationPortrait UIInterfaceOrientationPortraitUpsideDown UIInterfaceOrientationLandscapeLeft UIInterfaceOrientationLandscapeRight";
				INFOPLIST_KEY_UISupportedInterfaceOrientations_iPhone = "UIInterfaceOrientationPortrait UIInterfaceOrientationLandscapeLeft UIInterfaceOrientationLandscapeRight";
				LD_RUNPATH_SEARCH_PATHS = (
					"$(inherited)",
					"@executable_path/Frameworks",
				);
				MARKETING_VERSION = 1.0;
				PRODUCT_BUNDLE_IDENTIFIER = "com.Password-Manager";
				PRODUCT_NAME = "$(TARGET_NAME)";
				SUPPORTED_PLATFORMS = "iphoneos iphonesimulator";
				SUPPORTS_MACCATALYST = NO;
				SUPPORTS_XR_DESIGNED_FOR_IPHONE_IPAD = NO;
				SWIFT_EMIT_LOC_STRINGS = YES;
				SWIFT_VERSION = 5.0;
				TARGETED_DEVICE_FAMILY = "1,2";
			};
			name = Debug;
		};
		4B44DA1A2C1D5FBF008DFDAD /* Release */ = {
			isa = XCBuildConfiguration;
			buildSettings = {
				ASSETCATALOG_COMPILER_APPICON_NAME = AppIcon;
				ASSETCATALOG_COMPILER_GLOBAL_ACCENT_COLOR_NAME = AccentColor;
				CODE_SIGN_STYLE = Automatic;
				CURRENT_PROJECT_VERSION = 1;
				DEVELOPMENT_ASSET_PATHS = "\"Password Manager/Preview Content\"";
				DEVELOPMENT_TEAM = 8K5Z5UAV3V;
				ENABLE_PREVIEWS = YES;
				GENERATE_INFOPLIST_FILE = YES;
				INFOPLIST_KEY_UIApplicationSceneManifest_Generation = YES;
				INFOPLIST_KEY_UIApplicationSupportsIndirectInputEvents = YES;
				INFOPLIST_KEY_UILaunchScreen_Generation = YES;
				INFOPLIST_KEY_UISupportedInterfaceOrientations_iPad = "UIInterfaceOrientationPortrait UIInterfaceOrientationPortraitUpsideDown UIInterfaceOrientationLandscapeLeft UIInterfaceOrientationLandscapeRight";
				INFOPLIST_KEY_UISupportedInterfaceOrientations_iPhone = "UIInterfaceOrientationPortrait UIInterfaceOrientationLandscapeLeft UIInterfaceOrientationLandscapeRight";
				LD_RUNPATH_SEARCH_PATHS = (
					"$(inherited)",
					"@executable_path/Frameworks",
				);
				MARKETING_VERSION = 1.0;
				PRODUCT_BUNDLE_IDENTIFIER = "com.Password-Manager";
				PRODUCT_NAME = "$(TARGET_NAME)";
				SUPPORTED_PLATFORMS = "iphoneos iphonesimulator";
				SUPPORTS_MACCATALYST = NO;
				SUPPORTS_XR_DESIGNED_FOR_IPHONE_IPAD = NO;
				SWIFT_EMIT_LOC_STRINGS = YES;
				SWIFT_VERSION = 5.0;
				TARGETED_DEVICE_FAMILY = "1,2";
			};
			name = Release;
		};
/* End XCBuildConfiguration section */

/* Begin XCConfigurationList section */
		4B44DA052C1D5FBD008DFDAD /* Build configuration list for PBXProject "Password Manager" */ = {
			isa = XCConfigurationList;
			buildConfigurations = (
				4B44DA162C1D5FBF008DFDAD /* Debug */,
				4B44DA172C1D5FBF008DFDAD /* Release */,
			);
			defaultConfigurationIsVisible = 0;
			defaultConfigurationName = Release;
		};
		4B44DA182C1D5FBF008DFDAD /* Build configuration list for PBXNativeTarget "Password Manager" */ = {
			isa = XCConfigurationList;
			buildConfigurations = (
				4B44DA192C1D5FBF008DFDAD /* Debug */,
				4B44DA1A2C1D5FBF008DFDAD /* Release */,
			);
			defaultConfigurationIsVisible = 0;
			defaultConfigurationName = Release;
		};
/* End XCConfigurationList section */

/* Begin XCVersionGroup section */
		4B44DA2B2C1D7C46008DFDAD /* PasswordContainer.xcdatamodeld */ = {
			isa = XCVersionGroup;
			children = (
				4B44DA2C2C1D7C46008DFDAD /* PasswordContainer.xcdatamodel */,
			);
			currentVersion = 4B44DA2C2C1D7C46008DFDAD /* PasswordContainer.xcdatamodel */;
			name = PasswordContainer.xcdatamodeld;
			path = "/Users/kashif/Desktop/Udemy Course/Password Manager/Password Manager/PasswordContainer.xcdatamodeld";
			sourceTree = "<group>";
			versionGroupType = wrapper.xcdatamodel;
		};
/* End XCVersionGroup section */
	};
	rootObject = 4B44DA022C1D5FBD008DFDAD /* Project object */;
}
